
Microsoft Visual Studio Solution File, Format Version 12.00
# Visual Studio 15
VisualStudioVersion = 15.0.27703.2047
MinimumVisualStudioVersion = 10.0.40219.1
Project("{FAE04EC0-301F-11D3-BF4B-00C04F79EFBC}") = "ADONETConsole", "ADONETConsole\ADONETConsole.csproj", "{912CC8F3-2D0D-4D13-95D5-5C933E352779}"
EndProject
Global
	GlobalSection(SolutionConfigurationPlatforms) = preSolution
		Debug|Any CPU = Debug|Any CPU
		Release|Any CPU = Release|Any CPU
	EndGlobalSection
	GlobalSection(ProjectConfigurationPlatforms) = postSolution
		{912CC8F3-2D0D-4D13-95D5-5C933E352779}.Debug|Any CPU.ActiveCfg = Debug|Any CPU
		{912CC8F3-2D0D-4D13-95D5-5C933E352779}.Debug|Any CPU.Build.0 = Debug|Any CPU
		{912CC8F3-2D0D-4D13-95D5-5C933E352779}.Release|Any CPU.ActiveCfg = Release|Any CPU
		{912CC8F3-2D0D-4D13-95D5-5C933E352779}.Release|Any CPU.Build.0 = Release|Any CPU
	EndGlobalSection
	GlobalSection(SolutionProperties) = preSolution
		HideSolutionNode = FALSE
	EndGlobalSection
	GlobalSection(ExtensibilityGlobals) = postSolution
		SolutionGuid = {46296B47-519C-4940-96F7-02D4FEE225B5}
	EndGlobalSection
EndGlobal
